
Microsoft Visual Studio Solution File, Format Version 12.00
# Visual Studio 15
VisualStudioVersion = 15.0.28010.0
MinimumVisualStudioVersion = 10.0.40219.1
Project("{FAE04EC0-301F-11D3-BF4B-00C04F79EFBC}") = "BizLayer", "BizLayer\BizLayer.csproj", "{F48757A3-597D-4512-BAE9-CD0A4066FD51}"
EndProject
Project("{FAE04EC0-301F-11D3-BF4B-00C04F79EFBC}") = "Entities", "Entities\Entities.csproj", "{BD516926-BB10-43B5-93A5-07CCFA932C2E}"
EndProject
Project("{FAE04EC0-301F-11D3-BF4B-00C04F79EFBC}") = "Testprojekt", "ClassLibrary1\Testprojekt.csproj", "{61A7A7F4-58C8-415F-951F-D912B60AE4BC}"
EndProject
Global
	GlobalSection(SolutionConfigurationPlatforms) = preSolution
		Debug|Any CPU = Debug|Any CPU
		Release|Any CPU = Release|Any CPU
	EndGlobalSection
	GlobalSection(ProjectConfigurationPlatforms) = postSolution
		{F48757A3-597D-4512-BAE9-CD0A4066FD51}.Debug|Any CPU.ActiveCfg = Debug|Any CPU
		{F48757A3-597D-4512-BAE9-CD0A4066FD51}.Debug|Any CPU.Build.0 = Debug|Any CPU
		{F48757A3-597D-4512-BAE9-CD0A4066FD51}.Release|Any CPU.ActiveCfg = Release|Any CPU
		{F48757A3-597D-4512-BAE9-CD0A4066FD51}.Release|Any CPU.Build.0 = Release|Any CPU
		{BD516926-BB10-43B5-93A5-07CCFA932C2E}.Debug|Any CPU.ActiveCfg = Debug|Any CPU
		{BD516926-BB10-43B5-93A5-07CCFA932C2E}.Debug|Any CPU.Build.0 = Debug|Any CPU
		{BD516926-BB10-43B5-93A5-07CCFA932C2E}.Release|Any CPU.ActiveCfg = Release|Any CPU
		{BD516926-BB10-43B5-93A5-07CCFA932C2E}.Release|Any CPU.Build.0 = Release|Any CPU
		{61A7A7F4-58C8-415F-951F-D912B60AE4BC}.Debug|Any CPU.ActiveCfg = Debug|Any CPU
		{61A7A7F4-58C8-415F-951F-D912B60AE4BC}.Debug|Any CPU.Build.0 = Debug|Any CPU
		{61A7A7F4-58C8-415F-951F-D912B60AE4BC}.Release|Any CPU.ActiveCfg = Release|Any CPU
		{61A7A7F4-58C8-415F-951F-D912B60AE4BC}.Release|Any CPU.Build.0 = Release|Any CPU
	EndGlobalSection
	GlobalSection(SolutionProperties) = preSolution
		HideSolutionNode = FALSE
	EndGlobalSection
	GlobalSection(ExtensibilityGlobals) = postSolution
		SolutionGuid = {E15529C1-0429-4AC1-878B-66DC389ABA66}
	EndGlobalSection
EndGlobal
